
Microsoft Visual Studio Solution File, Format Version 12.00
# Visual Studio 15
VisualStudioVersion = 15.0.28307.1340
MinimumVisualStudioVersion = 10.0.40219.1
Project("{9A19103F-16F7-4668-BE54-9A1E7A4F7556}") = "XenditDev1.02", "XenditDev1.02\XenditDev1.02.csproj", "{FE48FF83-4B19-48E7-B335-7F647F940652}"
EndProject
Project("{9A19103F-16F7-4668-BE54-9A1E7A4F7556}") = "Xendit.ApiClient", "XenditApiClient\Xendit.ApiClient.csproj", "{11C7A84D-A1EE-42A3-84AF-7100B5030321}"
EndProject
Global
	GlobalSection(SolutionConfigurationPlatforms) = preSolution
		Debug|Any CPU = Debug|Any CPU
		Release|Any CPU = Release|Any CPU
	EndGlobalSection
	GlobalSection(ProjectConfigurationPlatforms) = postSolution
		{FE48FF83-4B19-48E7-B335-7F647F940652}.Debug|Any CPU.ActiveCfg = Debug|Any CPU
		{FE48FF83-4B19-48E7-B335-7F647F940652}.Debug|Any CPU.Build.0 = Debug|Any CPU
		{FE48FF83-4B19-48E7-B335-7F647F940652}.Release|Any CPU.ActiveCfg = Release|Any CPU
		{FE48FF83-4B19-48E7-B335-7F647F940652}.Release|Any CPU.Build.0 = Release|Any CPU
		{11C7A84D-A1EE-42A3-84AF-7100B5030321}.Debug|Any CPU.ActiveCfg = Debug|Any CPU
		{11C7A84D-A1EE-42A3-84AF-7100B5030321}.Debug|Any CPU.Build.0 = Debug|Any CPU
		{11C7A84D-A1EE-42A3-84AF-7100B5030321}.Release|Any CPU.ActiveCfg = Release|Any CPU
		{11C7A84D-A1EE-42A3-84AF-7100B5030321}.Release|Any CPU.Build.0 = Release|Any CPU
	EndGlobalSection
	GlobalSection(SolutionProperties) = preSolution
		HideSolutionNode = FALSE
	EndGlobalSection
	GlobalSection(ExtensibilityGlobals) = postSolution
		SolutionGuid = {B4772F42-7B22-42AF-988C-85C367EFCFD1}
	EndGlobalSection
EndGlobal
